// !$*UTF8*$!
{
	archiveVersion = 1;
	classes = {
	};
	objectVersion = 55;
	objects = {

/* Begin PBXBuildFile section */
		B30645FB277066DE00BB788D /* AppDelegate.swift in Sources */ = {isa = PBXBuildFile; fileRef = B30645FA277066DE00BB788D /* AppDelegate.swift */; };
		B30645FD277066DE00BB788D /* SceneDelegate.swift in Sources */ = {isa = PBXBuildFile; fileRef = B30645FC277066DE00BB788D /* SceneDelegate.swift */; };
		B3064602277066DE00BB788D /* Main.storyboard in Resources */ = {isa = PBXBuildFile; fileRef = B3064600277066DE00BB788D /* Main.storyboard */; };
		B3064604277066E000BB788D /* Assets.xcassets in Resources */ = {isa = PBXBuildFile; fileRef = B3064603277066E000BB788D /* Assets.xcassets */; };
		B3064607277066E000BB788D /* LaunchScreen.storyboard in Resources */ = {isa = PBXBuildFile; fileRef = B3064605277066E000BB788D /* LaunchScreen.storyboard */; };
		B3064612277066E000BB788D /* LightComicsV2Tests.swift in Sources */ = {isa = PBXBuildFile; fileRef = B3064611277066E000BB788D /* LightComicsV2Tests.swift */; };
		B306461C277066E000BB788D /* LightComicsV2UITests.swift in Sources */ = {isa = PBXBuildFile; fileRef = B306461B277066E000BB788D /* LightComicsV2UITests.swift */; };
		B306461E277066E000BB788D /* LightComicsV2UITestsLaunchTests.swift in Sources */ = {isa = PBXBuildFile; fileRef = B306461D277066E000BB788D /* LightComicsV2UITestsLaunchTests.swift */; };
		B306463F27706E1C00BB788D /* FinderPresenter.swift in Sources */ = {isa = PBXBuildFile; fileRef = B306463927706E1C00BB788D /* FinderPresenter.swift */; };
		B306464027706E1C00BB788D /* FinderPresenter.swift in Sources */ = {isa = PBXBuildFile; fileRef = B306463927706E1C00BB788D /* FinderPresenter.swift */; };
		B306464127706E1C00BB788D /* FinderPresenter.swift in Sources */ = {isa = PBXBuildFile; fileRef = B306463927706E1C00BB788D /* FinderPresenter.swift */; };
		B306464227706E1C00BB788D /* FinderWorker.swift in Sources */ = {isa = PBXBuildFile; fileRef = B306463A27706E1C00BB788D /* FinderWorker.swift */; };
		B306464327706E1C00BB788D /* FinderWorker.swift in Sources */ = {isa = PBXBuildFile; fileRef = B306463A27706E1C00BB788D /* FinderWorker.swift */; };
		B306464427706E1C00BB788D /* FinderWorker.swift in Sources */ = {isa = PBXBuildFile; fileRef = B306463A27706E1C00BB788D /* FinderWorker.swift */; };
		B306464527706E1C00BB788D /* FinderRouter.swift in Sources */ = {isa = PBXBuildFile; fileRef = B306463B27706E1C00BB788D /* FinderRouter.swift */; };
		B306464627706E1C00BB788D /* FinderRouter.swift in Sources */ = {isa = PBXBuildFile; fileRef = B306463B27706E1C00BB788D /* FinderRouter.swift */; };
		B306464727706E1C00BB788D /* FinderRouter.swift in Sources */ = {isa = PBXBuildFile; fileRef = B306463B27706E1C00BB788D /* FinderRouter.swift */; };
		B306464827706E1C00BB788D /* FinderModels.swift in Sources */ = {isa = PBXBuildFile; fileRef = B306463C27706E1C00BB788D /* FinderModels.swift */; };
		B306464927706E1C00BB788D /* FinderModels.swift in Sources */ = {isa = PBXBuildFile; fileRef = B306463C27706E1C00BB788D /* FinderModels.swift */; };
		B306464A27706E1C00BB788D /* FinderModels.swift in Sources */ = {isa = PBXBuildFile; fileRef = B306463C27706E1C00BB788D /* FinderModels.swift */; };
		B306464B27706E1C00BB788D /* FinderViewController.swift in Sources */ = {isa = PBXBuildFile; fileRef = B306463D27706E1C00BB788D /* FinderViewController.swift */; };
		B306464C27706E1C00BB788D /* FinderViewController.swift in Sources */ = {isa = PBXBuildFile; fileRef = B306463D27706E1C00BB788D /* FinderViewController.swift */; };
		B306464D27706E1C00BB788D /* FinderViewController.swift in Sources */ = {isa = PBXBuildFile; fileRef = B306463D27706E1C00BB788D /* FinderViewController.swift */; };
		B306464E27706E1C00BB788D /* FinderInteractor.swift in Sources */ = {isa = PBXBuildFile; fileRef = B306463E27706E1C00BB788D /* FinderInteractor.swift */; };
		B306464F27706E1C00BB788D /* FinderInteractor.swift in Sources */ = {isa = PBXBuildFile; fileRef = B306463E27706E1C00BB788D /* FinderInteractor.swift */; };
		B306465027706E1C00BB788D /* FinderInteractor.swift in Sources */ = {isa = PBXBuildFile; fileRef = B306463E27706E1C00BB788D /* FinderInteractor.swift */; };
		B3064656277075EB00BB788D /* FileKit in Frameworks */ = {isa = PBXBuildFile; productRef = B3064655277075EB00BB788D /* FileKit */; };
		B35B546D2771CDC500F6757A /* FileKit+.swift.swift in Sources */ = {isa = PBXBuildFile; fileRef = B35B546C2771CDC500F6757A /* FileKit+.swift.swift */; };
		B35B546E2771CDC500F6757A /* FileKit+.swift.swift in Sources */ = {isa = PBXBuildFile; fileRef = B35B546C2771CDC500F6757A /* FileKit+.swift.swift */; };
		B35B546F2771CDC500F6757A /* FileKit+.swift.swift in Sources */ = {isa = PBXBuildFile; fileRef = B35B546C2771CDC500F6757A /* FileKit+.swift.swift */; };
		B39C536A2772FC9800E23D13 /* Foundation+.swift in Sources */ = {isa = PBXBuildFile; fileRef = B39C53692772FC9800E23D13 /* Foundation+.swift */; };
		B39C536B2772FC9800E23D13 /* Foundation+.swift in Sources */ = {isa = PBXBuildFile; fileRef = B39C53692772FC9800E23D13 /* Foundation+.swift */; };
		B39C536C2772FC9800E23D13 /* Foundation+.swift in Sources */ = {isa = PBXBuildFile; fileRef = B39C53692772FC9800E23D13 /* Foundation+.swift */; };
/* End PBXBuildFile section */

/* Begin PBXContainerItemProxy section */
		B306460E277066E000BB788D /* PBXContainerItemProxy */ = {
			isa = PBXContainerItemProxy;
			containerPortal = B30645EF277066DE00BB788D /* Project object */;
			proxyType = 1;
			remoteGlobalIDString = B30645F6277066DE00BB788D;
			remoteInfo = LightComicsV2;
		};
		B3064618277066E000BB788D /* PBXContainerItemProxy */ = {
			isa = PBXContainerItemProxy;
			containerPortal = B30645EF277066DE00BB788D /* Project object */;
			proxyType = 1;
			remoteGlobalIDString = B30645F6277066DE00BB788D;
			remoteInfo = LightComicsV2;
		};
/* End PBXContainerItemProxy section */

/* Begin PBXFileReference section */
		B30645F7277066DE00BB788D /* LightComicsV2.app */ = {isa = PBXFileReference; explicitFileType = wrapper.application; includeInIndex = 0; path = LightComicsV2.app; sourceTree = BUILT_PRODUCTS_DIR; };
		B30645FA277066DE00BB788D /* AppDelegate.swift */ = {isa = PBXFileReference; lastKnownFileType = sourcecode.swift; path = AppDelegate.swift; sourceTree = "<group>"; };
		B30645FC277066DE00BB788D /* SceneDelegate.swift */ = {isa = PBXFileReference; lastKnownFileType = sourcecode.swift; path = SceneDelegate.swift; sourceTree = "<group>"; };
		B3064601277066DE00BB788D /* Base */ = {isa = PBXFileReference; lastKnownFileType = file.storyboard; name = Base; path = Base.lproj/Main.storyboard; sourceTree = "<group>"; };
		B3064603277066E000BB788D /* Assets.xcassets */ = {isa = PBXFileReference; lastKnownFileType = folder.assetcatalog; path = Assets.xcassets; sourceTree = "<group>"; };
		B3064606277066E000BB788D /* Base */ = {isa = PBXFileReference; lastKnownFileType = file.storyboard; name = Base; path = Base.lproj/LaunchScreen.storyboard; sourceTree = "<group>"; };
		B3064608277066E000BB788D /* Info.plist */ = {isa = PBXFileReference; lastKnownFileType = text.plist.xml; path = Info.plist; sourceTree = "<group>"; };
		B306460D277066E000BB788D /* LightComicsV2Tests.xctest */ = {isa = PBXFileReference; explicitFileType = wrapper.cfbundle; includeInIndex = 0; path = LightComicsV2Tests.xctest; sourceTree = BUILT_PRODUCTS_DIR; };
		B3064611277066E000BB788D /* LightComicsV2Tests.swift */ = {isa = PBXFileReference; lastKnownFileType = sourcecode.swift; path = LightComicsV2Tests.swift; sourceTree = "<group>"; };
		B3064617277066E000BB788D /* LightComicsV2UITests.xctest */ = {isa = PBXFileReference; explicitFileType = wrapper.cfbundle; includeInIndex = 0; path = LightComicsV2UITests.xctest; sourceTree = BUILT_PRODUCTS_DIR; };
		B306461B277066E000BB788D /* LightComicsV2UITests.swift */ = {isa = PBXFileReference; lastKnownFileType = sourcecode.swift; path = LightComicsV2UITests.swift; sourceTree = "<group>"; };
		B306461D277066E000BB788D /* LightComicsV2UITestsLaunchTests.swift */ = {isa = PBXFileReference; lastKnownFileType = sourcecode.swift; path = LightComicsV2UITestsLaunchTests.swift; sourceTree = "<group>"; };
		B306463927706E1C00BB788D /* FinderPresenter.swift */ = {isa = PBXFileReference; lastKnownFileType = sourcecode.swift; path = FinderPresenter.swift; sourceTree = "<group>"; };
		B306463A27706E1C00BB788D /* FinderWorker.swift */ = {isa = PBXFileReference; lastKnownFileType = sourcecode.swift; path = FinderWorker.swift; sourceTree = "<group>"; };
		B306463B27706E1C00BB788D /* FinderRouter.swift */ = {isa = PBXFileReference; lastKnownFileType = sourcecode.swift; path = FinderRouter.swift; sourceTree = "<group>"; };
		B306463C27706E1C00BB788D /* FinderModels.swift */ = {isa = PBXFileReference; lastKnownFileType = sourcecode.swift; path = FinderModels.swift; sourceTree = "<group>"; };
		B306463D27706E1C00BB788D /* FinderViewController.swift */ = {isa = PBXFileReference; lastKnownFileType = sourcecode.swift; path = FinderViewController.swift; sourceTree = "<group>"; };
		B306463E27706E1C00BB788D /* FinderInteractor.swift */ = {isa = PBXFileReference; lastKnownFileType = sourcecode.swift; path = FinderInteractor.swift; sourceTree = "<group>"; };
		B35B546C2771CDC500F6757A /* FileKit+.swift.swift */ = {isa = PBXFileReference; lastKnownFileType = sourcecode.swift; path = "FileKit+.swift.swift"; sourceTree = "<group>"; };
		B39C53692772FC9800E23D13 /* Foundation+.swift */ = {isa = PBXFileReference; lastKnownFileType = sourcecode.swift; path = "Foundation+.swift"; sourceTree = "<group>"; };
/* End PBXFileReference section */

/* Begin PBXFrameworksBuildPhase section */
		B30645F4277066DE00BB788D /* Frameworks */ = {
			isa = PBXFrameworksBuildPhase;
			buildActionMask = 2147483647;
			files = (
				B3064656277075EB00BB788D /* FileKit in Frameworks */,
			);
			runOnlyForDeploymentPostprocessing = 0;
		};
		B306460A277066E000BB788D /* Frameworks */ = {
			isa = PBXFrameworksBuildPhase;
			buildActionMask = 2147483647;
			files = (
			);
			runOnlyForDeploymentPostprocessing = 0;
		};
		B3064614277066E000BB788D /* Frameworks */ = {
			isa = PBXFrameworksBuildPhase;
			buildActionMask = 2147483647;
			files = (
			);
			runOnlyForDeploymentPostprocessing = 0;
		};
/* End PBXFrameworksBuildPhase section */

/* Begin PBXGroup section */
		B30645EE277066DE00BB788D = {
			isa = PBXGroup;
			children = (
				B30645F9277066DE00BB788D /* LightComicsV2 */,
				B3064610277066E000BB788D /* LightComicsV2Tests */,
				B306461A277066E000BB788D /* LightComicsV2UITests */,
				B30645F8277066DE00BB788D /* Products */,
			);
			sourceTree = "<group>";
		};
		B30645F8277066DE00BB788D /* Products */ = {
			isa = PBXGroup;
			children = (
				B30645F7277066DE00BB788D /* LightComicsV2.app */,
				B306460D277066E000BB788D /* LightComicsV2Tests.xctest */,
				B3064617277066E000BB788D /* LightComicsV2UITests.xctest */,
			);
			name = Products;
			sourceTree = "<group>";
		};
		B30645F9277066DE00BB788D /* LightComicsV2 */ = {
			isa = PBXGroup;
			children = (
				B35B546B2771CDB100F6757A /* Extensions */,
				B306463727706D9300BB788D /* Scene */,
				B30645FA277066DE00BB788D /* AppDelegate.swift */,
				B30645FC277066DE00BB788D /* SceneDelegate.swift */,
				B3064600277066DE00BB788D /* Main.storyboard */,
				B3064603277066E000BB788D /* Assets.xcassets */,
				B3064605277066E000BB788D /* LaunchScreen.storyboard */,
				B3064608277066E000BB788D /* Info.plist */,
			);
			path = LightComicsV2;
			sourceTree = "<group>";
		};
		B3064610277066E000BB788D /* LightComicsV2Tests */ = {
			isa = PBXGroup;
			children = (
				B3064611277066E000BB788D /* LightComicsV2Tests.swift */,
			);
			path = LightComicsV2Tests;
			sourceTree = "<group>";
		};
		B306461A277066E000BB788D /* LightComicsV2UITests */ = {
			isa = PBXGroup;
			children = (
				B306461B277066E000BB788D /* LightComicsV2UITests.swift */,
				B306461D277066E000BB788D /* LightComicsV2UITestsLaunchTests.swift */,
			);
			path = LightComicsV2UITests;
			sourceTree = "<group>";
		};
		B306463727706D9300BB788D /* Scene */ = {
			isa = PBXGroup;
			children = (
				B306463827706DB200BB788D /* Finder */,
			);
			path = Scene;
			sourceTree = "<group>";
		};
		B306463827706DB200BB788D /* Finder */ = {
			isa = PBXGroup;
			children = (
				B306463927706E1C00BB788D /* FinderPresenter.swift */,
				B306463A27706E1C00BB788D /* FinderWorker.swift */,
				B306463B27706E1C00BB788D /* FinderRouter.swift */,
				B306463C27706E1C00BB788D /* FinderModels.swift */,
				B306463D27706E1C00BB788D /* FinderViewController.swift */,
				B306463E27706E1C00BB788D /* FinderInteractor.swift */,
			);
			path = Finder;
			sourceTree = "<group>";
		};
		B35B546B2771CDB100F6757A /* Extensions */ = {
			isa = PBXGroup;
			children = (
				B39C53692772FC9800E23D13 /* Foundation+.swift */,
				B35B546C2771CDC500F6757A /* FileKit+.swift.swift */,
			);
			path = Extensions;
			sourceTree = "<group>";
		};
/* End PBXGroup section */

/* Begin PBXNativeTarget section */
		B30645F6277066DE00BB788D /* LightComicsV2 */ = {
			isa = PBXNativeTarget;
			buildConfigurationList = B3064621277066E000BB788D /* Build configuration list for PBXNativeTarget "LightComicsV2" */;
			buildPhases = (
				B30645F3277066DE00BB788D /* Sources */,
				B30645F4277066DE00BB788D /* Frameworks */,
				B30645F5277066DE00BB788D /* Resources */,
			);
			buildRules = (
			);
			dependencies = (
			);
			name = LightComicsV2;
			packageProductDependencies = (
				B3064655277075EB00BB788D /* FileKit */,
			);
			productName = LightComicsV2;
			productReference = B30645F7277066DE00BB788D /* LightComicsV2.app */;
			productType = "com.apple.product-type.application";
		};
		B306460C277066E000BB788D /* LightComicsV2Tests */ = {
			isa = PBXNativeTarget;
			buildConfigurationList = B3064624277066E000BB788D /* Build configuration list for PBXNativeTarget "LightComicsV2Tests" */;
			buildPhases = (
				B3064609277066E000BB788D /* Sources */,
				B306460A277066E000BB788D /* Frameworks */,
				B306460B277066E000BB788D /* Resources */,
			);
			buildRules = (
			);
			dependencies = (
				B306460F277066E000BB788D /* PBXTargetDependency */,
			);
			name = LightComicsV2Tests;
			productName = LightComicsV2Tests;
			productReference = B306460D277066E000BB788D /* LightComicsV2Tests.xctest */;
			productType = "com.apple.product-type.bundle.unit-test";
		};
		B3064616277066E000BB788D /* LightComicsV2UITests */ = {
			isa = PBXNativeTarget;
			buildConfigurationList = B3064627277066E000BB788D /* Build configuration list for PBXNativeTarget "LightComicsV2UITests" */;
			buildPhases = (
				B3064613277066E000BB788D /* Sources */,
				B3064614277066E000BB788D /* Frameworks */,
				B3064615277066E000BB788D /* Resources */,
			);
			buildRules = (
			);
			dependencies = (
				B3064619277066E000BB788D /* PBXTargetDependency */,
			);
			name = LightComicsV2UITests;
			productName = LightComicsV2UITests;
			productReference = B3064617277066E000BB788D /* LightComicsV2UITests.xctest */;
			productType = "com.apple.product-type.bundle.ui-testing";
		};
/* End PBXNativeTarget section */

/* Begin PBXProject section */
		B30645EF277066DE00BB788D /* Project object */ = {
			isa = PBXProject;
			attributes = {
				BuildIndependentTargetsInParallel = 1;
				LastSwiftUpdateCheck = 1320;
				LastUpgradeCheck = 1320;
				TargetAttributes = {
					B30645F6277066DE00BB788D = {
						CreatedOnToolsVersion = 13.2.1;
					};
					B306460C277066E000BB788D = {
						CreatedOnToolsVersion = 13.2.1;
						TestTargetID = B30645F6277066DE00BB788D;
					};
					B3064616277066E000BB788D = {
						CreatedOnToolsVersion = 13.2.1;
						TestTargetID = B30645F6277066DE00BB788D;
					};
				};
			};
			buildConfigurationList = B30645F2277066DE00BB788D /* Build configuration list for PBXProject "LightComicsV2" */;
			compatibilityVersion = "Xcode 13.0";
			developmentRegion = en;
			hasScannedForEncodings = 0;
			knownRegions = (
				en,
				Base,
			);
			mainGroup = B30645EE277066DE00BB788D;
			packageReferences = (
				B3064654277075EB00BB788D /* XCRemoteSwiftPackageReference "FileKit" */,
			);
			productRefGroup = B30645F8277066DE00BB788D /* Products */;
			projectDirPath = "";
			projectRoot = "";
			targets = (
				B30645F6277066DE00BB788D /* LightComicsV2 */,
				B306460C277066E000BB788D /* LightComicsV2Tests */,
				B3064616277066E000BB788D /* LightComicsV2UITests */,
			);
		};
/* End PBXProject section */

/* Begin PBXResourcesBuildPhase section */
		B30645F5277066DE00BB788D /* Resources */ = {
			isa = PBXResourcesBuildPhase;
			buildActionMask = 2147483647;
			files = (
				B3064607277066E000BB788D /* LaunchScreen.storyboard in Resources */,
				B3064604277066E000BB788D /* Assets.xcassets in Resources */,
				B3064602277066DE00BB788D /* Main.storyboard in Resources */,
			);
			runOnlyForDeploymentPostprocessing = 0;
		};
		B306460B277066E000BB788D /* Resources */ = {
			isa = PBXResourcesBuildPhase;
			buildActionMask = 2147483647;
			files = (
			);
			runOnlyForDeploymentPostprocessing = 0;
		};
		B3064615277066E000BB788D /* Resources */ = {
			isa = PBXResourcesBuildPhase;
			buildActionMask = 2147483647;
			files = (
			);
			runOnlyForDeploymentPostprocessing = 0;
		};
/* End PBXResourcesBuildPhase section */

/* Begin PBXSourcesBuildPhase section */
		B30645F3277066DE00BB788D /* Sources */ = {
			isa = PBXSourcesBuildPhase;
			buildActionMask = 2147483647;
			files = (
				B39C536A2772FC9800E23D13 /* Foundation+.swift in Sources */,
				B306464E27706E1C00BB788D /* FinderInteractor.swift in Sources */,
				B306464227706E1C00BB788D /* FinderWorker.swift in Sources */,
				B306464827706E1C00BB788D /* FinderModels.swift in Sources */,
				B306463F27706E1C00BB788D /* FinderPresenter.swift in Sources */,
				B306464B27706E1C00BB788D /* FinderViewController.swift in Sources */,
				B30645FB277066DE00BB788D /* AppDelegate.swift in Sources */,
				B35B546D2771CDC500F6757A /* FileKit+.swift.swift in Sources */,
				B306464527706E1C00BB788D /* FinderRouter.swift in Sources */,
				B30645FD277066DE00BB788D /* SceneDelegate.swift in Sources */,
			);
			runOnlyForDeploymentPostprocessing = 0;
		};
		B3064609277066E000BB788D /* Sources */ = {
			isa = PBXSourcesBuildPhase;
			buildActionMask = 2147483647;
			files = (
				B306464327706E1C00BB788D /* FinderWorker.swift in Sources */,
				B39C536B2772FC9800E23D13 /* Foundation+.swift in Sources */,
				B306464027706E1C00BB788D /* FinderPresenter.swift in Sources */,
				B306464F27706E1C00BB788D /* FinderInteractor.swift in Sources */,
				B306464627706E1C00BB788D /* FinderRouter.swift in Sources */,
				B306464927706E1C00BB788D /* FinderModels.swift in Sources */,
				B35B546E2771CDC500F6757A /* FileKit+.swift.swift in Sources */,
				B306464C27706E1C00BB788D /* FinderViewController.swift in Sources */,
				B3064612277066E000BB788D /* LightComicsV2Tests.swift in Sources */,
			);
			runOnlyForDeploymentPostprocessing = 0;
		};
		B3064613277066E000BB788D /* Sources */ = {
			isa = PBXSourcesBuildPhase;
			buildActionMask = 2147483647;
			files = (
				B39C536C2772FC9800E23D13 /* Foundation+.swift in Sources */,
				B306464727706E1C00BB788D /* FinderRouter.swift in Sources */,
				B306461C277066E000BB788D /* LightComicsV2UITests.swift in Sources */,
				B306464127706E1C00BB788D /* FinderPresenter.swift in Sources */,
				B35B546F2771CDC500F6757A /* FileKit+.swift.swift in Sources */,
				B306464A27706E1C00BB788D /* FinderModels.swift in Sources */,
				B306465027706E1C00BB788D /* FinderInteractor.swift in Sources */,
				B306461E277066E000BB788D /* LightComicsV2UITestsLaunchTests.swift in Sources */,
				B306464D27706E1C00BB788D /* FinderViewController.swift in Sources */,
				B306464427706E1C00BB788D /* FinderWorker.swift in Sources */,
			);
			runOnlyForDeploymentPostprocessing = 0;
		};
/* End PBXSourcesBuildPhase section */

/* Begin PBXTargetDependency section */
		B306460F277066E000BB788D /* PBXTargetDependency */ = {
			isa = PBXTargetDependency;
			target = B30645F6277066DE00BB788D /* LightComicsV2 */;
			targetProxy = B306460E277066E000BB788D /* PBXContainerItemProxy */;
		};
		B3064619277066E000BB788D /* PBXTargetDependency */ = {
			isa = PBXTargetDependency;
			target = B30645F6277066DE00BB788D /* LightComicsV2 */;
			targetProxy = B3064618277066E000BB788D /* PBXContainerItemProxy */;
		};
/* End PBXTargetDependency section */

/* Begin PBXVariantGroup section */
		B3064600277066DE00BB788D /* Main.storyboard */ = {
			isa = PBXVariantGroup;
			children = (
				B3064601277066DE00BB788D /* Base */,
			);
			name = Main.storyboard;
			sourceTree = "<group>";
		};
		B3064605277066E000BB788D /* LaunchScreen.storyboard */ = {
			isa = PBXVariantGroup;
			children = (
				B3064606277066E000BB788D /* Base */,
			);
			name = LaunchScreen.storyboard;
			sourceTree = "<group>";
		};
/* End PBXVariantGroup section */

/* Begin XCBuildConfiguration section */
		B306461F277066E000BB788D /* Debug */ = {
			isa = XCBuildConfiguration;
			buildSettings = {
				ALWAYS_SEARCH_USER_PATHS = NO;
				CLANG_ANALYZER_NONNULL = YES;
				CLANG_ANALYZER_NUMBER_OBJECT_CONVERSION = YES_AGGRESSIVE;
				CLANG_CXX_LANGUAGE_STANDARD = "gnu++17";
				CLANG_CXX_LIBRARY = "libc++";
				CLANG_ENABLE_MODULES = YES;
				CLANG_ENABLE_OBJC_ARC = YES;
				CLANG_ENABLE_OBJC_WEAK = YES;
				CLANG_WARN_BLOCK_CAPTURE_AUTORELEASING = YES;
				CLANG_WARN_BOOL_CONVERSION = YES;
				CLANG_WARN_COMMA = YES;
				CLANG_WARN_CONSTANT_CONVERSION = YES;
				CLANG_WARN_DEPRECATED_OBJC_IMPLEMENTATIONS = YES;
				CLANG_WARN_DIRECT_OBJC_ISA_USAGE = YES_ERROR;
				CLANG_WARN_DOCUMENTATION_COMMENTS = YES;
				CLANG_WARN_EMPTY_BODY = YES;
				CLANG_WARN_ENUM_CONVERSION = YES;
				CLANG_WARN_INFINITE_RECURSION = YES;
				CLANG_WARN_INT_CONVERSION = YES;
				CLANG_WARN_NON_LITERAL_NULL_CONVERSION = YES;
				CLANG_WARN_OBJC_IMPLICIT_RETAIN_SELF = YES;
				CLANG_WARN_OBJC_LITERAL_CONVERSION = YES;
				CLANG_WARN_OBJC_ROOT_CLASS = YES_ERROR;
				CLANG_WARN_QUOTED_INCLUDE_IN_FRAMEWORK_HEADER = YES;
				CLANG_WARN_RANGE_LOOP_ANALYSIS = YES;
				CLANG_WARN_STRICT_PROTOTYPES = YES;
				CLANG_WARN_SUSPICIOUS_MOVE = YES;
				CLANG_WARN_UNGUARDED_AVAILABILITY = YES_AGGRESSIVE;
				CLANG_WARN_UNREACHABLE_CODE = YES;
				CLANG_WARN__DUPLICATE_METHOD_MATCH = YES;
				COPY_PHASE_STRIP = NO;
				DEBUG_INFORMATION_FORMAT = dwarf;
				ENABLE_STRICT_OBJC_MSGSEND = YES;
				ENABLE_TESTABILITY = YES;
				GCC_C_LANGUAGE_STANDARD = gnu11;
				GCC_DYNAMIC_NO_PIC = NO;
				GCC_NO_COMMON_BLOCKS = YES;
				GCC_OPTIMIZATION_LEVEL = 0;
				GCC_PREPROCESSOR_DEFINITIONS = (
					"DEBUG=1",
					"$(inherited)",
				);
				GCC_WARN_64_TO_32_BIT_CONVERSION = YES;
				GCC_WARN_ABOUT_RETURN_TYPE = YES_ERROR;
				GCC_WARN_UNDECLARED_SELECTOR = YES;
				GCC_WARN_UNINITIALIZED_AUTOS = YES_AGGRESSIVE;
				GCC_WARN_UNUSED_FUNCTION = YES;
				GCC_WARN_UNUSED_VARIABLE = YES;
				IPHONEOS_DEPLOYMENT_TARGET = 14.0;
				MTL_ENABLE_DEBUG_INFO = INCLUDE_SOURCE;
				MTL_FAST_MATH = YES;
				ONLY_ACTIVE_ARCH = YES;
				SDKROOT = iphoneos;
				SWIFT_ACTIVE_COMPILATION_CONDITIONS = DEBUG;
				SWIFT_OPTIMIZATION_LEVEL = "-Onone";
			};
			name = Debug;
		};
		B3064620277066E000BB788D /* Release */ = {
			isa = XCBuildConfiguration;
			buildSettings = {
				ALWAYS_SEARCH_USER_PATHS = NO;
				CLANG_ANALYZER_NONNULL = YES;
				CLANG_ANALYZER_NUMBER_OBJECT_CONVERSION = YES_AGGRESSIVE;
				CLANG_CXX_LANGUAGE_STANDARD = "gnu++17";
				CLANG_CXX_LIBRARY = "libc++";
				CLANG_ENABLE_MODULES = YES;
				CLANG_ENABLE_OBJC_ARC = YES;
				CLANG_ENABLE_OBJC_WEAK = YES;
				CLANG_WARN_BLOCK_CAPTURE_AUTORELEASING = YES;
				CLANG_WARN_BOOL_CONVERSION = YES;
				CLANG_WARN_COMMA = YES;
				CLANG_WARN_CONSTANT_CONVERSION = YES;
				CLANG_WARN_DEPRECATED_OBJC_IMPLEMENTATIONS = YES;
				CLANG_WARN_DIRECT_OBJC_ISA_USAGE = YES_ERROR;
				CLANG_WARN_DOCUMENTATION_COMMENTS = YES;
				CLANG_WARN_EMPTY_BODY = YES;
				CLANG_WARN_ENUM_CONVERSION = YES;
				CLANG_WARN_INFINITE_RECURSION = YES;
				CLANG_WARN_INT_CONVERSION = YES;
				CLANG_WARN_NON_LITERAL_NULL_CONVERSION = YES;
				CLANG_WARN_OBJC_IMPLICIT_RETAIN_SELF = YES;
				CLANG_WARN_OBJC_LITERAL_CONVERSION = YES;
				CLANG_WARN_OBJC_ROOT_CLASS = YES_ERROR;
				CLANG_WARN_QUOTED_INCLUDE_IN_FRAMEWORK_HEADER = YES;
				CLANG_WARN_RANGE_LOOP_ANALYSIS = YES;
				CLANG_WARN_STRICT_PROTOTYPES = YES;
				CLANG_WARN_SUSPICIOUS_MOVE = YES;
				CLANG_WARN_UNGUARDED_AVAILABILITY = YES_AGGRESSIVE;
				CLANG_WARN_UNREACHABLE_CODE = YES;
				CLANG_WARN__DUPLICATE_METHOD_MATCH = YES;
				COPY_PHASE_STRIP = NO;
				DEBUG_INFORMATION_FORMAT = "dwarf-with-dsym";
				ENABLE_NS_ASSERTIONS = NO;
				ENABLE_STRICT_OBJC_MSGSEND = YES;
				GCC_C_LANGUAGE_STANDARD = gnu11;
				GCC_NO_COMMON_BLOCKS = YES;
				GCC_WARN_64_TO_32_BIT_CONVERSION = YES;
				GCC_WARN_ABOUT_RETURN_TYPE = YES_ERROR;
				GCC_WARN_UNDECLARED_SELECTOR = YES;
				GCC_WARN_UNINITIALIZED_AUTOS = YES_AGGRESSIVE;
				GCC_WARN_UNUSED_FUNCTION = YES;
				GCC_WARN_UNUSED_VARIABLE = YES;
				IPHONEOS_DEPLOYMENT_TARGET = 14.0;
				MTL_ENABLE_DEBUG_INFO = NO;
				MTL_FAST_MATH = YES;
				SDKROOT = iphoneos;
				SWIFT_COMPILATION_MODE = wholemodule;
				SWIFT_OPTIMIZATION_LEVEL = "-O";
				VALIDATE_PRODUCT = YES;
			};
			name = Release;
		};
		B3064622277066E000BB788D /* Debug */ = {
			isa = XCBuildConfiguration;
			buildSettings = {
				ASSETCATALOG_COMPILER_APPICON_NAME = AppIcon;
				ASSETCATALOG_COMPILER_GLOBAL_ACCENT_COLOR_NAME = AccentColor;
				CODE_SIGN_STYLE = Automatic;
				CURRENT_PROJECT_VERSION = 1;
				DEVELOPMENT_TEAM = P4BDJKG9NM;
				GENERATE_INFOPLIST_FILE = YES;
				INFOPLIST_FILE = LightComicsV2/Info.plist;
				INFOPLIST_KEY_UIApplicationSupportsIndirectInputEvents = YES;
				INFOPLIST_KEY_UILaunchStoryboardName = LaunchScreen;
				INFOPLIST_KEY_UIMainStoryboardFile = Main;
				INFOPLIST_KEY_UISupportedInterfaceOrientations = "UIInterfaceOrientationLandscapeRight UIInterfaceOrientationLandscapeLeft UIInterfaceOrientationPortraitUpsideDown UIInterfaceOrientationPortrait";
				INFOPLIST_KEY_UISupportedInterfaceOrientations_iPad = "UIInterfaceOrientationPortrait UIInterfaceOrientationPortraitUpsideDown UIInterfaceOrientationLandscapeLeft UIInterfaceOrientationLandscapeRight";
				INFOPLIST_KEY_UISupportedInterfaceOrientations_iPhone = "UIInterfaceOrientationPortrait UIInterfaceOrientationLandscapeLeft UIInterfaceOrientationLandscapeRight";
				LD_RUNPATH_SEARCH_PATHS = (
					"$(inherited)",
					"@executable_path/Frameworks",
				);
				MARKETING_VERSION = 1.0.0;
				PRODUCT_BUNDLE_IDENTIFIER = SGIOS.LightComicsV2;
				PRODUCT_NAME = "$(TARGET_NAME)";
				SWIFT_EMIT_LOC_STRINGS = YES;
				SWIFT_VERSION = 5.0;
				TARGETED_DEVICE_FAMILY = "1,2";
			};
			name = Debug;
		};
		B3064623277066E000BB788D /* Release */ = {
			isa = XCBuildConfiguration;
			buildSettings = {
				ASSETCATALOG_COMPILER_APPICON_NAME = AppIcon;
				ASSETCATALOG_COMPILER_GLOBAL_ACCENT_COLOR_NAME = AccentColor;
				CODE_SIGN_STYLE = Automatic;
				CURRENT_PROJECT_VERSION = 1;
				DEVELOPMENT_TEAM = P4BDJKG9NM;
				GENERATE_INFOPLIST_FILE = YES;
				INFOPLIST_FILE = LightComicsV2/Info.plist;
				INFOPLIST_KEY_UIApplicationSupportsIndirectInputEvents = YES;
				INFOPLIST_KEY_UILaunchStoryboardName = LaunchScreen;
				INFOPLIST_KEY_UIMainStoryboardFile = Main;
				INFOPLIST_KEY_UISupportedInterfaceOrientations = "UIInterfaceOrientationLandscapeRight UIInterfaceOrientationLandscapeLeft UIInterfaceOrientationPortraitUpsideDown UIInterfaceOrientationPortrait";
				INFOPLIST_KEY_UISupportedInterfaceOrientations_iPad = "UIInterfaceOrientationPortrait UIInterfaceOrientationPortraitUpsideDown UIInterfaceOrientationLandscapeLeft UIInterfaceOrientationLandscapeRight";
				INFOPLIST_KEY_UISupportedInterfaceOrientations_iPhone = "UIInterfaceOrientationPortrait UIInterfaceOrientationLandscapeLeft UIInterfaceOrientationLandscapeRight";
				LD_RUNPATH_SEARCH_PATHS = (
					"$(inherited)",
					"@executable_path/Frameworks",
				);
				MARKETING_VERSION = 1.0.0;
				PRODUCT_BUNDLE_IDENTIFIER = SGIOS.LightComicsV2;
				PRODUCT_NAME = "$(TARGET_NAME)";
				SWIFT_EMIT_LOC_STRINGS = YES;
				SWIFT_VERSION = 5.0;
				TARGETED_DEVICE_FAMILY = "1,2";
			};
			name = Release;
		};
		B3064625277066E000BB788D /* Debug */ = {
			isa = XCBuildConfiguration;
			buildSettings = {
				ALWAYS_EMBED_SWIFT_STANDARD_LIBRARIES = YES;
				BUNDLE_LOADER = "$(TEST_HOST)";
				CODE_SIGN_STYLE = Automatic;
				CURRENT_PROJECT_VERSION = 1;
				DEVELOPMENT_TEAM = P4BDJKG9NM;
				GENERATE_INFOPLIST_FILE = YES;
				IPHONEOS_DEPLOYMENT_TARGET = 15.2;
				MARKETING_VERSION = 1.0;
				PRODUCT_BUNDLE_IDENTIFIER = SGIOS.LightComicsV2Tests;
				PRODUCT_NAME = "$(TARGET_NAME)";
				SWIFT_EMIT_LOC_STRINGS = NO;
				SWIFT_VERSION = 5.0;
				TARGETED_DEVICE_FAMILY = "1,2";
				TEST_HOST = "$(BUILT_PRODUCTS_DIR)/LightComicsV2.app/LightComicsV2";
			};
			name = Debug;
		};
		B3064626277066E000BB788D /* Release */ = {
			isa = XCBuildConfiguration;
			buildSettings = {
				ALWAYS_EMBED_SWIFT_STANDARD_LIBRARIES = YES;
				BUNDLE_LOADER = "$(TEST_HOST)";
				CODE_SIGN_STYLE = Automatic;
				CURRENT_PROJECT_VERSION = 1;
				DEVELOPMENT_TEAM = P4BDJKG9NM;
				GENERATE_INFOPLIST_FILE = YES;
				IPHONEOS_DEPLOYMENT_TARGET = 15.2;
				MARKETING_VERSION = 1.0;
				PRODUCT_BUNDLE_IDENTIFIER = SGIOS.LightComicsV2Tests;
				PRODUCT_NAME = "$(TARGET_NAME)";
				SWIFT_EMIT_LOC_STRINGS = NO;
				SWIFT_VERSION = 5.0;
				TARGETED_DEVICE_FAMILY = "1,2";
				TEST_HOST = "$(BUILT_PRODUCTS_DIR)/LightComicsV2.app/LightComicsV2";
			};
			name = Release;
		};
		B3064628277066E000BB788D /* Debug */ = {
			isa = XCBuildConfiguration;
			buildSettings = {
				ALWAYS_EMBED_SWIFT_STANDARD_LIBRARIES = YES;
				CODE_SIGN_STYLE = Automatic;
				CURRENT_PROJECT_VERSION = 1;
				DEVELOPMENT_TEAM = P4BDJKG9NM;
				GENERATE_INFOPLIST_FILE = YES;
				MARKETING_VERSION = 1.0;
				PRODUCT_BUNDLE_IDENTIFIER = SGIOS.LightComicsV2UITests;
				PRODUCT_NAME = "$(TARGET_NAME)";
				SWIFT_EMIT_LOC_STRINGS = NO;
				SWIFT_VERSION = 5.0;
				TARGETED_DEVICE_FAMILY = "1,2";
				TEST_TARGET_NAME = LightComicsV2;
			};
			name = Debug;
		};
		B3064629277066E000BB788D /* Release */ = {
			isa = XCBuildConfiguration;
			buildSettings = {
				ALWAYS_EMBED_SWIFT_STANDARD_LIBRARIES = YES;
				CODE_SIGN_STYLE = Automatic;
				CURRENT_PROJECT_VERSION = 1;
				DEVELOPMENT_TEAM = P4BDJKG9NM;
				GENERATE_INFOPLIST_FILE = YES;
				MARKETING_VERSION = 1.0;
				PRODUCT_BUNDLE_IDENTIFIER = SGIOS.LightComicsV2UITests;
				PRODUCT_NAME = "$(TARGET_NAME)";
				SWIFT_EMIT_LOC_STRINGS = NO;
				SWIFT_VERSION = 5.0;
				TARGETED_DEVICE_FAMILY = "1,2";
				TEST_TARGET_NAME = LightComicsV2;
			};
			name = Release;
		};
/* End XCBuildConfiguration section */

/* Begin XCConfigurationList section */
		B30645F2277066DE00BB788D /* Build configuration list for PBXProject "LightComicsV2" */ = {
			isa = XCConfigurationList;
			buildConfigurations = (
				B306461F277066E000BB788D /* Debug */,
				B3064620277066E000BB788D /* Release */,
			);
			defaultConfigurationIsVisible = 0;
			defaultConfigurationName = Release;
		};
		B3064621277066E000BB788D /* Build configuration list for PBXNativeTarget "LightComicsV2" */ = {
			isa = XCConfigurationList;
			buildConfigurations = (
				B3064622277066E000BB788D /* Debug */,
				B3064623277066E000BB788D /* Release */,
			);
			defaultConfigurationIsVisible = 0;
			defaultConfigurationName = Release;
		};
		B3064624277066E000BB788D /* Build configuration list for PBXNativeTarget "LightComicsV2Tests" */ = {
			isa = XCConfigurationList;
			buildConfigurations = (
				B3064625277066E000BB788D /* Debug */,
				B3064626277066E000BB788D /* Release */,
			);
			defaultConfigurationIsVisible = 0;
			defaultConfigurationName = Release;
		};
		B3064627277066E000BB788D /* Build configuration list for PBXNativeTarget "LightComicsV2UITests" */ = {
			isa = XCConfigurationList;
			buildConfigurations = (
				B3064628277066E000BB788D /* Debug */,
				B3064629277066E000BB788D /* Release */,
			);
			defaultConfigurationIsVisible = 0;
			defaultConfigurationName = Release;
		};
/* End XCConfigurationList section */

/* Begin XCRemoteSwiftPackageReference section */
		B3064654277075EB00BB788D /* XCRemoteSwiftPackageReference "FileKit" */ = {
			isa = XCRemoteSwiftPackageReference;
			repositoryURL = "https://github.com/nvzqz/FileKit";
			requirement = {
				kind = upToNextMajorVersion;
				minimumVersion = 6.0.0;
			};
		};
/* End XCRemoteSwiftPackageReference section */

/* Begin XCSwiftPackageProductDependency section */
		B3064655277075EB00BB788D /* FileKit */ = {
			isa = XCSwiftPackageProductDependency;
			package = B3064654277075EB00BB788D /* XCRemoteSwiftPackageReference "FileKit" */;
			productName = FileKit;
		};
/* End XCSwiftPackageProductDependency section */
	};
	rootObject = B30645EF277066DE00BB788D /* Project object */;
}
